
Microsoft Visual Studio Solution File, Format Version 12.00
# Visual Studio Version 17
VisualStudioVersion = 17.2.32427.441
MinimumVisualStudioVersion = 10.0.40219.1
Project("{FAE04EC0-301F-11D3-BF4B-00C04F79EFBC}") = "Notes.Android", "Notes\Notes.Android\Notes.Android.csproj", "{707D5BDC-3BFB-4B8E-B7F6-E3F76134CE74}"
EndProject
Project("{FAE04EC0-301F-11D3-BF4B-00C04F79EFBC}") = "Notes", "Notes\Notes\Notes.csproj", "{AB0AC2CD-85D9-43EC-988F-AD389B0BD927}"
EndProject
Global
	GlobalSection(SolutionConfigurationPlatforms) = preSolution
		Debug|Any CPU = Debug|Any CPU
		Release|Any CPU = Release|Any CPU
	EndGlobalSection
	GlobalSection(ProjectConfigurationPlatforms) = postSolution
		{707D5BDC-3BFB-4B8E-B7F6-E3F76134CE74}.Debug|Any CPU.ActiveCfg = Debug|Any CPU
		{707D5BDC-3BFB-4B8E-B7F6-E3F76134CE74}.Debug|Any CPU.Build.0 = Debug|Any CPU
		{707D5BDC-3BFB-4B8E-B7F6-E3F76134CE74}.Debug|Any CPU.Deploy.0 = Debug|Any CPU
		{707D5BDC-3BFB-4B8E-B7F6-E3F76134CE74}.Release|Any CPU.ActiveCfg = Release|Any CPU
		{707D5BDC-3BFB-4B8E-B7F6-E3F76134CE74}.Release|Any CPU.Build.0 = Release|Any CPU
		{707D5BDC-3BFB-4B8E-B7F6-E3F76134CE74}.Release|Any CPU.Deploy.0 = Release|Any CPU
		{AB0AC2CD-85D9-43EC-988F-AD389B0BD927}.Debug|Any CPU.ActiveCfg = Debug|Any CPU
		{AB0AC2CD-85D9-43EC-988F-AD389B0BD927}.Debug|Any CPU.Build.0 = Debug|Any CPU
		{AB0AC2CD-85D9-43EC-988F-AD389B0BD927}.Debug|Any CPU.Deploy.0 = Debug|Any CPU
		{AB0AC2CD-85D9-43EC-988F-AD389B0BD927}.Release|Any CPU.ActiveCfg = Release|Any CPU
		{AB0AC2CD-85D9-43EC-988F-AD389B0BD927}.Release|Any CPU.Build.0 = Release|Any CPU
		{AB0AC2CD-85D9-43EC-988F-AD389B0BD927}.Release|Any CPU.Deploy.0 = Release|Any CPU
	EndGlobalSection
	GlobalSection(SolutionProperties) = preSolution
		HideSolutionNode = FALSE
	EndGlobalSection
	GlobalSection(ExtensibilityGlobals) = postSolution
		SolutionGuid = {5252D72D-DB2A-40FE-9ADB-AFE56271FCBB}
	EndGlobalSection
EndGlobal
